// !$*UTF8*$!
{
	archiveVersion = 1;
	classes = {
	};
	objectVersion = 46;
	objects = {

/* Begin PBXBuildFile section */
		1F566B1F1E241FCE007F01B0 /* AppDelegate.swift in Sources */ = {isa = PBXBuildFile; fileRef = 1F566B1E1E241FCE007F01B0 /* AppDelegate.swift */; };
		1F566B211E241FCE007F01B0 /* ViewController.swift in Sources */ = {isa = PBXBuildFile; fileRef = 1F566B201E241FCE007F01B0 /* ViewController.swift */; };
		1F566B241E241FCE007F01B0 /* Main.storyboard in Resources */ = {isa = PBXBuildFile; fileRef = 1F566B221E241FCE007F01B0 /* Main.storyboard */; };
		1F566B261E241FCE007F01B0 /* Assets.xcassets in Resources */ = {isa = PBXBuildFile; fileRef = 1F566B251E241FCE007F01B0 /* Assets.xcassets */; };
		1F566B291E241FCE007F01B0 /* LaunchScreen.storyboard in Resources */ = {isa = PBXBuildFile; fileRef = 1F566B271E241FCE007F01B0 /* LaunchScreen.storyboard */; };
		1F566B341E241FCE007F01B0 /* GlobeGuidesTests.swift in Sources */ = {isa = PBXBuildFile; fileRef = 1F566B331E241FCE007F01B0 /* GlobeGuidesTests.swift */; };
		1F566B3F1E241FCE007F01B0 /* GlobeGuidesUITests.swift in Sources */ = {isa = PBXBuildFile; fileRef = 1F566B3E1E241FCE007F01B0 /* GlobeGuidesUITests.swift */; };
/* End PBXBuildFile section */

/* Begin PBXContainerItemProxy section */
		1F566B301E241FCE007F01B0 /* PBXContainerItemProxy */ = {
			isa = PBXContainerItemProxy;
			containerPortal = 1F566B131E241FCD007F01B0 /* Project object */;
			proxyType = 1;
			remoteGlobalIDString = 1F566B1A1E241FCD007F01B0;
			remoteInfo = GlobeGuides;
		};
		1F566B3B1E241FCE007F01B0 /* PBXContainerItemProxy */ = {
			isa = PBXContainerItemProxy;
			containerPortal = 1F566B131E241FCD007F01B0 /* Project object */;
			proxyType = 1;
			remoteGlobalIDString = 1F566B1A1E241FCD007F01B0;
			remoteInfo = GlobeGuides;
		};
/* End PBXContainerItemProxy section */

/* Begin PBXFileReference section */
		1F566B1B1E241FCE007F01B0 /* GlobeGuides.app */ = {isa = PBXFileReference; explicitFileType = wrapper.application; includeInIndex = 0; path = GlobeGuides.app; sourceTree = BUILT_PRODUCTS_DIR; };
		1F566B1E1E241FCE007F01B0 /* AppDelegate.swift */ = {isa = PBXFileReference; lastKnownFileType = sourcecode.swift; path = AppDelegate.swift; sourceTree = "<group>"; };
		1F566B201E241FCE007F01B0 /* ViewController.swift */ = {isa = PBXFileReference; lastKnownFileType = sourcecode.swift; path = ViewController.swift; sourceTree = "<group>"; };
		1F566B231E241FCE007F01B0 /* Base */ = {isa = PBXFileReference; lastKnownFileType = file.storyboard; name = Base; path = Base.lproj/Main.storyboard; sourceTree = "<group>"; };
		1F566B251E241FCE007F01B0 /* Assets.xcassets */ = {isa = PBXFileReference; lastKnownFileType = folder.assetcatalog; path = Assets.xcassets; sourceTree = "<group>"; };
		1F566B281E241FCE007F01B0 /* Base */ = {isa = PBXFileReference; lastKnownFileType = file.storyboard; name = Base; path = Base.lproj/LaunchScreen.storyboard; sourceTree = "<group>"; };
		1F566B2A1E241FCE007F01B0 /* Info.plist */ = {isa = PBXFileReference; lastKnownFileType = text.plist.xml; path = Info.plist; sourceTree = "<group>"; };
		1F566B2F1E241FCE007F01B0 /* GlobeGuidesTests.xctest */ = {isa = PBXFileReference; explicitFileType = wrapper.cfbundle; includeInIndex = 0; path = GlobeGuidesTests.xctest; sourceTree = BUILT_PRODUCTS_DIR; };
		1F566B331E241FCE007F01B0 /* GlobeGuidesTests.swift */ = {isa = PBXFileReference; lastKnownFileType = sourcecode.swift; path = GlobeGuidesTests.swift; sourceTree = "<group>"; };
		1F566B351E241FCE007F01B0 /* Info.plist */ = {isa = PBXFileReference; lastKnownFileType = text.plist.xml; path = Info.plist; sourceTree = "<group>"; };
		1F566B3A1E241FCE007F01B0 /* GlobeGuidesUITests.xctest */ = {isa = PBXFileReference; explicitFileType = wrapper.cfbundle; includeInIndex = 0; path = GlobeGuidesUITests.xctest; sourceTree = BUILT_PRODUCTS_DIR; };
		1F566B3E1E241FCE007F01B0 /* GlobeGuidesUITests.swift */ = {isa = PBXFileReference; lastKnownFileType = sourcecode.swift; path = GlobeGuidesUITests.swift; sourceTree = "<group>"; };
		1F566B401E241FCE007F01B0 /* Info.plist */ = {isa = PBXFileReference; lastKnownFileType = text.plist.xml; path = Info.plist; sourceTree = "<group>"; };
/* End PBXFileReference section */

/* Begin PBXFrameworksBuildPhase section */
		1F566B181E241FCD007F01B0 /* Frameworks */ = {
			isa = PBXFrameworksBuildPhase;
			buildActionMask = 2147483647;
			files = (
			);
			runOnlyForDeploymentPostprocessing = 0;
		};
		1F566B2C1E241FCE007F01B0 /* Frameworks */ = {
			isa = PBXFrameworksBuildPhase;
			buildActionMask = 2147483647;
			files = (
			);
			runOnlyForDeploymentPostprocessing = 0;
		};
		1F566B371E241FCE007F01B0 /* Frameworks */ = {
			isa = PBXFrameworksBuildPhase;
			buildActionMask = 2147483647;
			files = (
			);
			runOnlyForDeploymentPostprocessing = 0;
		};
/* End PBXFrameworksBuildPhase section */

/* Begin PBXGroup section */
		1F566B121E241FCD007F01B0 = {
			isa = PBXGroup;
			children = (
				1F566B1D1E241FCE007F01B0 /* GlobeGuides */,
				1F566B321E241FCE007F01B0 /* GlobeGuidesTests */,
				1F566B3D1E241FCE007F01B0 /* GlobeGuidesUITests */,
				1F566B1C1E241FCE007F01B0 /* Products */,
			);
			sourceTree = "<group>";
		};
		1F566B1C1E241FCE007F01B0 /* Products */ = {
			isa = PBXGroup;
			children = (
				1F566B1B1E241FCE007F01B0 /* GlobeGuides.app */,
				1F566B2F1E241FCE007F01B0 /* GlobeGuidesTests.xctest */,
				1F566B3A1E241FCE007F01B0 /* GlobeGuidesUITests.xctest */,
			);
			name = Products;
			sourceTree = "<group>";
		};
		1F566B1D1E241FCE007F01B0 /* GlobeGuides */ = {
			isa = PBXGroup;
			children = (
				1F566B1E1E241FCE007F01B0 /* AppDelegate.swift */,
				1F566B201E241FCE007F01B0 /* ViewController.swift */,
				1F566B221E241FCE007F01B0 /* Main.storyboard */,
				1F566B251E241FCE007F01B0 /* Assets.xcassets */,
				1F566B271E241FCE007F01B0 /* LaunchScreen.storyboard */,
				1F566B2A1E241FCE007F01B0 /* Info.plist */,
			);
			path = GlobeGuides;
			sourceTree = "<group>";
		};
		1F566B321E241FCE007F01B0 /* GlobeGuidesTests */ = {
			isa = PBXGroup;
			children = (
				1F566B331E241FCE007F01B0 /* GlobeGuidesTests.swift */,
				1F566B351E241FCE007F01B0 /* Info.plist */,
			);
			path = GlobeGuidesTests;
			sourceTree = "<group>";
		};
		1F566B3D1E241FCE007F01B0 /* GlobeGuidesUITests */ = {
			isa = PBXGroup;
			children = (
				1F566B3E1E241FCE007F01B0 /* GlobeGuidesUITests.swift */,
				1F566B401E241FCE007F01B0 /* Info.plist */,
			);
			path = GlobeGuidesUITests;
			sourceTree = "<group>";
		};
/* End PBXGroup section */

/* Begin PBXNativeTarget section */
		1F566B1A1E241FCD007F01B0 /* GlobeGuides */ = {
			isa = PBXNativeTarget;
			buildConfigurationList = 1F566B431E241FCE007F01B0 /* Build configuration list for PBXNativeTarget "GlobeGuides" */;
			buildPhases = (
				1F566B171E241FCD007F01B0 /* Sources */,
				1F566B181E241FCD007F01B0 /* Frameworks */,
				1F566B191E241FCD007F01B0 /* Resources */,
			);
			buildRules = (
			);
			dependencies = (
			);
			name = GlobeGuides;
			productName = GlobeGuides;
			productReference = 1F566B1B1E241FCE007F01B0 /* GlobeGuides.app */;
			productType = "com.apple.product-type.application";
		};
		1F566B2E1E241FCE007F01B0 /* GlobeGuidesTests */ = {
			isa = PBXNativeTarget;
			buildConfigurationList = 1F566B461E241FCE007F01B0 /* Build configuration list for PBXNativeTarget "GlobeGuidesTests" */;
			buildPhases = (
				1F566B2B1E241FCE007F01B0 /* Sources */,
				1F566B2C1E241FCE007F01B0 /* Frameworks */,
				1F566B2D1E241FCE007F01B0 /* Resources */,
			);
			buildRules = (
			);
			dependencies = (
				1F566B311E241FCE007F01B0 /* PBXTargetDependency */,
			);
			name = GlobeGuidesTests;
			productName = GlobeGuidesTests;
			productReference = 1F566B2F1E241FCE007F01B0 /* GlobeGuidesTests.xctest */;
			productType = "com.apple.product-type.bundle.unit-test";
		};
		1F566B391E241FCE007F01B0 /* GlobeGuidesUITests */ = {
			isa = PBXNativeTarget;
			buildConfigurationList = 1F566B491E241FCE007F01B0 /* Build configuration list for PBXNativeTarget "GlobeGuidesUITests" */;
			buildPhases = (
				1F566B361E241FCE007F01B0 /* Sources */,
				1F566B371E241FCE007F01B0 /* Frameworks */,
				1F566B381E241FCE007F01B0 /* Resources */,
			);
			buildRules = (
			);
			dependencies = (
				1F566B3C1E241FCE007F01B0 /* PBXTargetDependency */,
			);
			name = GlobeGuidesUITests;
			productName = GlobeGuidesUITests;
			productReference = 1F566B3A1E241FCE007F01B0 /* GlobeGuidesUITests.xctest */;
			productType = "com.apple.product-type.bundle.ui-testing";
		};
/* End PBXNativeTarget section */

/* Begin PBXProject section */
		1F566B131E241FCD007F01B0 /* Project object */ = {
			isa = PBXProject;
			attributes = {
				LastSwiftUpdateCheck = 0810;
				LastUpgradeCheck = 0810;
				ORGANIZATIONNAME = "Jeff Yahin Jørgensen";
				TargetAttributes = {
					1F566B1A1E241FCD007F01B0 = {
						CreatedOnToolsVersion = 8.1;
						ProvisioningStyle = Automatic;
					};
					1F566B2E1E241FCE007F01B0 = {
						CreatedOnToolsVersion = 8.1;
						ProvisioningStyle = Automatic;
						TestTargetID = 1F566B1A1E241FCD007F01B0;
					};
					1F566B391E241FCE007F01B0 = {
						CreatedOnToolsVersion = 8.1;
						ProvisioningStyle = Automatic;
						TestTargetID = 1F566B1A1E241FCD007F01B0;
					};
				};
			};
			buildConfigurationList = 1F566B161E241FCD007F01B0 /* Build configuration list for PBXProject "GlobeGuides" */;
			compatibilityVersion = "Xcode 3.2";
			developmentRegion = English;
			hasScannedForEncodings = 0;
			knownRegions = (
				en,
				Base,
			);
			mainGroup = 1F566B121E241FCD007F01B0;
			productRefGroup = 1F566B1C1E241FCE007F01B0 /* Products */;
			projectDirPath = "";
			projectRoot = "";
			targets = (
				1F566B1A1E241FCD007F01B0 /* GlobeGuides */,
				1F566B2E1E241FCE007F01B0 /* GlobeGuidesTests */,
				1F566B391E241FCE007F01B0 /* GlobeGuidesUITests */,
			);
		};
/* End PBXProject section */

/* Begin PBXResourcesBuildPhase section */
		1F566B191E241FCD007F01B0 /* Resources */ = {
			isa = PBXResourcesBuildPhase;
			buildActionMask = 2147483647;
			files = (
				1F566B291E241FCE007F01B0 /* LaunchScreen.storyboard in Resources */,
				1F566B261E241FCE007F01B0 /* Assets.xcassets in Resources */,
				1F566B241E241FCE007F01B0 /* Main.storyboard in Resources */,
			);
			runOnlyForDeploymentPostprocessing = 0;
		};
		1F566B2D1E241FCE007F01B0 /* Resources */ = {
			isa = PBXResourcesBuildPhase;
			buildActionMask = 2147483647;
			files = (
			);
			runOnlyForDeploymentPostprocessing = 0;
		};
		1F566B381E241FCE007F01B0 /* Resources */ = {
			isa = PBXResourcesBuildPhase;
			buildActionMask = 2147483647;
			files = (
			);
			runOnlyForDeploymentPostprocessing = 0;
		};
/* End PBXResourcesBuildPhase section */

/* Begin PBXSourcesBuildPhase section */
		1F566B171E241FCD007F01B0 /* Sources */ = {
			isa = PBXSourcesBuildPhase;
			buildActionMask = 2147483647;
			files = (
				1F566B211E241FCE007F01B0 /* ViewController.swift in Sources */,
				1F566B1F1E241FCE007F01B0 /* AppDelegate.swift in Sources */,
			);
			runOnlyForDeploymentPostprocessing = 0;
		};
		1F566B2B1E241FCE007F01B0 /* Sources */ = {
			isa = PBXSourcesBuildPhase;
			buildActionMask = 2147483647;
			files = (
				1F566B341E241FCE007F01B0 /* GlobeGuidesTests.swift in Sources */,
			);
			runOnlyForDeploymentPostprocessing = 0;
		};
		1F566B361E241FCE007F01B0 /* Sources */ = {
			isa = PBXSourcesBuildPhase;
			buildActionMask = 2147483647;
			files = (
				1F566B3F1E241FCE007F01B0 /* GlobeGuidesUITests.swift in Sources */,
			);
			runOnlyForDeploymentPostprocessing = 0;
		};
/* End PBXSourcesBuildPhase section */

/* Begin PBXTargetDependency section */
		1F566B311E241FCE007F01B0 /* PBXTargetDependency */ = {
			isa = PBXTargetDependency;
			target = 1F566B1A1E241FCD007F01B0 /* GlobeGuides */;
			targetProxy = 1F566B301E241FCE007F01B0 /* PBXContainerItemProxy */;
		};
		1F566B3C1E241FCE007F01B0 /* PBXTargetDependency */ = {
			isa = PBXTargetDependency;
			target = 1F566B1A1E241FCD007F01B0 /* GlobeGuides */;
			targetProxy = 1F566B3B1E241FCE007F01B0 /* PBXContainerItemProxy */;
		};
/* End PBXTargetDependency section */

/* Begin PBXVariantGroup section */
		1F566B221E241FCE007F01B0 /* Main.storyboard */ = {
			isa = PBXVariantGroup;
			children = (
				1F566B231E241FCE007F01B0 /* Base */,
			);
			name = Main.storyboard;
			sourceTree = "<group>";
		};
		1F566B271E241FCE007F01B0 /* LaunchScreen.storyboard */ = {
			isa = PBXVariantGroup;
			children = (
				1F566B281E241FCE007F01B0 /* Base */,
			);
			name = LaunchScreen.storyboard;
			sourceTree = "<group>";
		};
/* End PBXVariantGroup section */

/* Begin XCBuildConfiguration section */
		1F566B411E241FCE007F01B0 /* Debug */ = {
			isa = XCBuildConfiguration;
			buildSettings = {
				ALWAYS_SEARCH_USER_PATHS = NO;
				CLANG_ANALYZER_NONNULL = YES;
				CLANG_CXX_LANGUAGE_STANDARD = "gnu++0x";
				CLANG_CXX_LIBRARY = "libc++";
				CLANG_ENABLE_MODULES = YES;
				CLANG_ENABLE_OBJC_ARC = YES;
				CLANG_WARN_BOOL_CONVERSION = YES;
				CLANG_WARN_CONSTANT_CONVERSION = YES;
				CLANG_WARN_DIRECT_OBJC_ISA_USAGE = YES_ERROR;
				CLANG_WARN_DOCUMENTATION_COMMENTS = YES;
				CLANG_WARN_EMPTY_BODY = YES;
				CLANG_WARN_ENUM_CONVERSION = YES;
				CLANG_WARN_INFINITE_RECURSION = YES;
				CLANG_WARN_INT_CONVERSION = YES;
				CLANG_WARN_OBJC_ROOT_CLASS = YES_ERROR;
				CLANG_WARN_SUSPICIOUS_MOVES = YES;
				CLANG_WARN_UNREACHABLE_CODE = YES;
				CLANG_WARN__DUPLICATE_METHOD_MATCH = YES;
				"CODE_SIGN_IDENTITY[sdk=iphoneos*]" = "iPhone Developer";
				COPY_PHASE_STRIP = NO;
				DEBUG_INFORMATION_FORMAT = dwarf;
				ENABLE_STRICT_OBJC_MSGSEND = YES;
				ENABLE_TESTABILITY = YES;
				GCC_C_LANGUAGE_STANDARD = gnu99;
				GCC_DYNAMIC_NO_PIC = NO;
				GCC_NO_COMMON_BLOCKS = YES;
				GCC_OPTIMIZATION_LEVEL = 0;
				GCC_PREPROCESSOR_DEFINITIONS = (
					"DEBUG=1",
					"$(inherited)",
				);
				GCC_WARN_64_TO_32_BIT_CONVERSION = YES;
				GCC_WARN_ABOUT_RETURN_TYPE = YES_ERROR;
				GCC_WARN_UNDECLARED_SELECTOR = YES;
				GCC_WARN_UNINITIALIZED_AUTOS = YES_AGGRESSIVE;
				GCC_WARN_UNUSED_FUNCTION = YES;
				GCC_WARN_UNUSED_VARIABLE = YES;
				IPHONEOS_DEPLOYMENT_TARGET = 10.1;
				MTL_ENABLE_DEBUG_INFO = YES;
				ONLY_ACTIVE_ARCH = YES;
				SDKROOT = iphoneos;
				SWIFT_ACTIVE_COMPILATION_CONDITIONS = DEBUG;
				SWIFT_OPTIMIZATION_LEVEL = "-Onone";
				TARGETED_DEVICE_FAMILY = "1,2";
			};
			name = Debug;
		};
		1F566B421E241FCE007F01B0 /* Release */ = {
			isa = XCBuildConfiguration;
			buildSettings = {
				ALWAYS_SEARCH_USER_PATHS = NO;
				CLANG_ANALYZER_NONNULL = YES;
				CLANG_CXX_LANGUAGE_STANDARD = "gnu++0x";
				CLANG_CXX_LIBRARY = "libc++";
				CLANG_ENABLE_MODULES = YES;
				CLANG_ENABLE_OBJC_ARC = YES;
				CLANG_WARN_BOOL_CONVERSION = YES;
				CLANG_WARN_CONSTANT_CONVERSION = YES;
				CLANG_WARN_DIRECT_OBJC_ISA_USAGE = YES_ERROR;
				CLANG_WARN_DOCUMENTATION_COMMENTS = YES;
				CLANG_WARN_EMPTY_BODY = YES;
				CLANG_WARN_ENUM_CONVERSION = YES;
				CLANG_WARN_INFINITE_RECURSION = YES;
				CLANG_WARN_INT_CONVERSION = YES;
				CLANG_WARN_OBJC_ROOT_CLASS = YES_ERROR;
				CLANG_WARN_SUSPICIOUS_MOVES = YES;
				CLANG_WARN_UNREACHABLE_CODE = YES;
				CLANG_WARN__DUPLICATE_METHOD_MATCH = YES;
				"CODE_SIGN_IDENTITY[sdk=iphoneos*]" = "iPhone Developer";
				COPY_PHASE_STRIP = NO;
				DEBUG_INFORMATION_FORMAT = "dwarf-with-dsym";
				ENABLE_NS_ASSERTIONS = NO;
				ENABLE_STRICT_OBJC_MSGSEND = YES;
				GCC_C_LANGUAGE_STANDARD = gnu99;
				GCC_NO_COMMON_BLOCKS = YES;
				GCC_WARN_64_TO_32_BIT_CONVERSION = YES;
				GCC_WARN_ABOUT_RETURN_TYPE = YES_ERROR;
				GCC_WARN_UNDECLARED_SELECTOR = YES;
				GCC_WARN_UNINITIALIZED_AUTOS = YES_AGGRESSIVE;
				GCC_WARN_UNUSED_FUNCTION = YES;
				GCC_WARN_UNUSED_VARIABLE = YES;
				IPHONEOS_DEPLOYMENT_TARGET = 10.1;
				MTL_ENABLE_DEBUG_INFO = NO;
				SDKROOT = iphoneos;
				SWIFT_OPTIMIZATION_LEVEL = "-Owholemodule";
				TARGETED_DEVICE_FAMILY = "1,2";
				VALIDATE_PRODUCT = YES;
			};
			name = Release;
		};
		1F566B441E241FCE007F01B0 /* Debug */ = {
			isa = XCBuildConfiguration;
			buildSettings = {
				ASSETCATALOG_COMPILER_APPICON_NAME = AppIcon;
				INFOPLIST_FILE = GlobeGuides/Info.plist;
				LD_RUNPATH_SEARCH_PATHS = "$(inherited) @executable_path/Frameworks";
				PRODUCT_BUNDLE_IDENTIFIER = JJ.GlobeGuides;
				PRODUCT_NAME = "$(TARGET_NAME)";
				SWIFT_VERSION = 3.0;
			};
			name = Debug;
		};
		1F566B451E241FCE007F01B0 /* Release */ = {
			isa = XCBuildConfiguration;
			buildSettings = {
				ASSETCATALOG_COMPILER_APPICON_NAME = AppIcon;
				INFOPLIST_FILE = GlobeGuides/Info.plist;
				LD_RUNPATH_SEARCH_PATHS = "$(inherited) @executable_path/Frameworks";
				PRODUCT_BUNDLE_IDENTIFIER = JJ.GlobeGuides;
				PRODUCT_NAME = "$(TARGET_NAME)";
				SWIFT_VERSION = 3.0;
			};
			name = Release;
		};
		1F566B471E241FCE007F01B0 /* Debug */ = {
			isa = XCBuildConfiguration;
			buildSettings = {
				ALWAYS_EMBED_SWIFT_STANDARD_LIBRARIES = YES;
				BUNDLE_LOADER = "$(TEST_HOST)";
				INFOPLIST_FILE = GlobeGuidesTests/Info.plist;
				LD_RUNPATH_SEARCH_PATHS = "$(inherited) @executable_path/Frameworks @loader_path/Frameworks";
				PRODUCT_BUNDLE_IDENTIFIER = JJ.GlobeGuidesTests;
				PRODUCT_NAME = "$(TARGET_NAME)";
				SWIFT_VERSION = 3.0;
				TEST_HOST = "$(BUILT_PRODUCTS_DIR)/GlobeGuides.app/GlobeGuides";
			};
			name = Debug;
		};
		1F566B481E241FCE007F01B0 /* Release */ = {
			isa = XCBuildConfiguration;
			buildSettings = {
				ALWAYS_EMBED_SWIFT_STANDARD_LIBRARIES = YES;
				BUNDLE_LOADER = "$(TEST_HOST)";
				INFOPLIST_FILE = GlobeGuidesTests/Info.plist;
				LD_RUNPATH_SEARCH_PATHS = "$(inherited) @executable_path/Frameworks @loader_path/Frameworks";
				PRODUCT_BUNDLE_IDENTIFIER = JJ.GlobeGuidesTests;
				PRODUCT_NAME = "$(TARGET_NAME)";
				SWIFT_VERSION = 3.0;
				TEST_HOST = "$(BUILT_PRODUCTS_DIR)/GlobeGuides.app/GlobeGuides";
			};
			name = Release;
		};
		1F566B4A1E241FCE007F01B0 /* Debug */ = {
			isa = XCBuildConfiguration;
			buildSettings = {
				ALWAYS_EMBED_SWIFT_STANDARD_LIBRARIES = YES;
				INFOPLIST_FILE = GlobeGuidesUITests/Info.plist;
				LD_RUNPATH_SEARCH_PATHS = "$(inherited) @executable_path/Frameworks @loader_path/Frameworks";
				PRODUCT_BUNDLE_IDENTIFIER = JJ.GlobeGuidesUITests;
				PRODUCT_NAME = "$(TARGET_NAME)";
				SWIFT_VERSION = 3.0;
				TEST_TARGET_NAME = GlobeGuides;
			};
			name = Debug;
		};
		1F566B4B1E241FCE007F01B0 /* Release */ = {
			isa = XCBuildConfiguration;
			buildSettings = {
				ALWAYS_EMBED_SWIFT_STANDARD_LIBRARIES = YES;
				INFOPLIST_FILE = GlobeGuidesUITests/Info.plist;
				LD_RUNPATH_SEARCH_PATHS = "$(inherited) @executable_path/Frameworks @loader_path/Frameworks";
				PRODUCT_BUNDLE_IDENTIFIER = JJ.GlobeGuidesUITests;
				PRODUCT_NAME = "$(TARGET_NAME)";
				SWIFT_VERSION = 3.0;
				TEST_TARGET_NAME = GlobeGuides;
			};
			name = Release;
		};
/* End XCBuildConfiguration section */

/* Begin XCConfigurationList section */
		1F566B161E241FCD007F01B0 /* Build configuration list for PBXProject "GlobeGuides" */ = {
			isa = XCConfigurationList;
			buildConfigurations = (
				1F566B411E241FCE007F01B0 /* Debug */,
				1F566B421E241FCE007F01B0 /* Release */,
			);
			defaultConfigurationIsVisible = 0;
			defaultConfigurationName = Release;
		};
		1F566B431E241FCE007F01B0 /* Build configuration list for PBXNativeTarget "GlobeGuides" */ = {
			isa = XCConfigurationList;
			buildConfigurations = (
				1F566B441E241FCE007F01B0 /* Debug */,
				1F566B451E241FCE007F01B0 /* Release */,
			);
			defaultConfigurationIsVisible = 0;
		};
		1F566B461E241FCE007F01B0 /* Build configuration list for PBXNativeTarget "GlobeGuidesTests" */ = {
			isa = XCConfigurationList;
			buildConfigurations = (
				1F566B471E241FCE007F01B0 /* Debug */,
				1F566B481E241FCE007F01B0 /* Release */,
			);
			defaultConfigurationIsVisible = 0;
		};
		1F566B491E241FCE007F01B0 /* Build configuration list for PBXNativeTarget "GlobeGuidesUITests" */ = {
			isa = XCConfigurationList;
			buildConfigurations = (
				1F566B4A1E241FCE007F01B0 /* Debug */,
				1F566B4B1E241FCE007F01B0 /* Release */,
			);
			defaultConfigurationIsVisible = 0;
		};
/* End XCConfigurationList section */
	};
	rootObject = 1F566B131E241FCD007F01B0 /* Project object */;
}
